
Microsoft Visual Studio Solution File, Format Version 12.00
# Visual Studio Version 16
VisualStudioVersion = 16.0.31205.134
MinimumVisualStudioVersion = 10.0.40219.1
Project("{FAE04EC0-301F-11D3-BF4B-00C04F79EFBC}") = "ORUSCURSO", "ORUSCURSO.csproj", "{B836508A-329B-4381-99D4-CA52F7AA5F6C}"
EndProject
Global
	GlobalSection(SolutionConfigurationPlatforms) = preSolution
		Debug|Any CPU = Debug|Any CPU
		Release|Any CPU = Release|Any CPU
	EndGlobalSection
	GlobalSection(ProjectConfigurationPlatforms) = postSolution
		{B836508A-329B-4381-99D4-CA52F7AA5F6C}.Debug|Any CPU.ActiveCfg = Debug|Any CPU
		{B836508A-329B-4381-99D4-CA52F7AA5F6C}.Debug|Any CPU.Build.0 = Debug|Any CPU
		{B836508A-329B-4381-99D4-CA52F7AA5F6C}.Release|Any CPU.ActiveCfg = Release|Any CPU
		{B836508A-329B-4381-99D4-CA52F7AA5F6C}.Release|Any CPU.Build.0 = Release|Any CPU
	EndGlobalSection
	GlobalSection(SolutionProperties) = preSolution
		HideSolutionNode = FALSE
	EndGlobalSection
	GlobalSection(ExtensibilityGlobals) = postSolution
		SolutionGuid = {40530FF7-B3EA-4382-AAE7-369DE36E9896}
	EndGlobalSection
EndGlobal
